
Microsoft Visual Studio Solution File, Format Version 11.00
# Visual Studio 2010
Project("{8BC9CEB8-8B4A-11D0-8D11-00A0C91BC942}") = "GM31_GameBeta_20160711", "GM31_GameBeta_20160711.vcxproj", "{65FFA349-D929-4AA0-B1D5-B93EF3434C0A}"
EndProject
Global
	GlobalSection(SolutionConfigurationPlatforms) = preSolution
		Debug|Win32 = Debug|Win32
		Release|Win32 = Release|Win32
	EndGlobalSection
	GlobalSection(ProjectConfigurationPlatforms) = postSolution
		{65FFA349-D929-4AA0-B1D5-B93EF3434C0A}.Debug|Win32.ActiveCfg = Debug|Win32
		{65FFA349-D929-4AA0-B1D5-B93EF3434C0A}.Debug|Win32.Build.0 = Debug|Win32
		{65FFA349-D929-4AA0-B1D5-B93EF3434C0A}.Release|Win32.ActiveCfg = Release|Win32
		{65FFA349-D929-4AA0-B1D5-B93EF3434C0A}.Release|Win32.Build.0 = Release|Win32
	EndGlobalSection
	GlobalSection(SolutionProperties) = preSolution
		HideSolutionNode = FALSE
	EndGlobalSection
EndGlobal
